
Microsoft Visual Studio Solution File, Format Version 12.00
# Visual Studio Version 17
VisualStudioVersion = 17.10.35027.167
MinimumVisualStudioVersion = 10.0.40219.1
Project("{9A19103F-16F7-4668-BE54-9A1E7A4F7556}") = "HexaArchDemo", "HexagonalArchitectureDemo\HexaArchDemo.csproj", "{1698EC8B-B36D-453F-A3F2-2D9A70BDD12A}"
EndProject
Project("{9A19103F-16F7-4668-BE54-9A1E7A4F7556}") = "HexaArchDemo.Domain", "HexagonalArchitectureDemo.Domain\HexaArchDemo.Domain.csproj", "{04C20608-97FF-45AD-8341-366EB7DB8B56}"
EndProject
Project("{FAE04EC0-301F-11D3-BF4B-00C04F79EFBC}") = "HexaArchDemo.Infrastructure.Drivers", "HexaArchDemo.Infrastructure.Drivers\HexaArchDemo.Infrastructure.Drivers.csproj", "{D0E55F67-C132-4C0B-9FC7-5920C4BB0477}"
EndProject
Project("{FAE04EC0-301F-11D3-BF4B-00C04F79EFBC}") = "HexaArchDemo.Infrastructure.Drivens", "HexaArchDemo.Infrastructure.Drivens\HexaArchDemo.Infrastructure.Drivens.csproj", "{94EE0BA5-32F5-4416-B2FD-BE89CDAF296D}"
EndProject
Project("{FAE04EC0-301F-11D3-BF4B-00C04F79EFBC}") = "HexaArchDemo.Application", "HexaArchDemo.Application\HexaArchDemo.Application.csproj", "{2F0686D0-F043-4108-B3D7-3E7F5BB7C3FE}"
EndProject
Global
	GlobalSection(SolutionConfigurationPlatforms) = preSolution
		Debug|Any CPU = Debug|Any CPU
		Release|Any CPU = Release|Any CPU
	EndGlobalSection
	GlobalSection(ProjectConfigurationPlatforms) = postSolution
		{1698EC8B-B36D-453F-A3F2-2D9A70BDD12A}.Debug|Any CPU.ActiveCfg = Debug|Any CPU
		{1698EC8B-B36D-453F-A3F2-2D9A70BDD12A}.Debug|Any CPU.Build.0 = Debug|Any CPU
		{1698EC8B-B36D-453F-A3F2-2D9A70BDD12A}.Release|Any CPU.ActiveCfg = Release|Any CPU
		{1698EC8B-B36D-453F-A3F2-2D9A70BDD12A}.Release|Any CPU.Build.0 = Release|Any CPU
		{04C20608-97FF-45AD-8341-366EB7DB8B56}.Debug|Any CPU.ActiveCfg = Debug|Any CPU
		{04C20608-97FF-45AD-8341-366EB7DB8B56}.Debug|Any CPU.Build.0 = Debug|Any CPU
		{04C20608-97FF-45AD-8341-366EB7DB8B56}.Release|Any CPU.ActiveCfg = Release|Any CPU
		{04C20608-97FF-45AD-8341-366EB7DB8B56}.Release|Any CPU.Build.0 = Release|Any CPU
		{D0E55F67-C132-4C0B-9FC7-5920C4BB0477}.Debug|Any CPU.ActiveCfg = Debug|Any CPU
		{D0E55F67-C132-4C0B-9FC7-5920C4BB0477}.Debug|Any CPU.Build.0 = Debug|Any CPU
		{D0E55F67-C132-4C0B-9FC7-5920C4BB0477}.Release|Any CPU.ActiveCfg = Release|Any CPU
		{D0E55F67-C132-4C0B-9FC7-5920C4BB0477}.Release|Any CPU.Build.0 = Release|Any CPU
		{94EE0BA5-32F5-4416-B2FD-BE89CDAF296D}.Debug|Any CPU.ActiveCfg = Debug|Any CPU
		{94EE0BA5-32F5-4416-B2FD-BE89CDAF296D}.Debug|Any CPU.Build.0 = Debug|Any CPU
		{94EE0BA5-32F5-4416-B2FD-BE89CDAF296D}.Release|Any CPU.ActiveCfg = Release|Any CPU
		{94EE0BA5-32F5-4416-B2FD-BE89CDAF296D}.Release|Any CPU.Build.0 = Release|Any CPU
		{2F0686D0-F043-4108-B3D7-3E7F5BB7C3FE}.Debug|Any CPU.ActiveCfg = Debug|Any CPU
		{2F0686D0-F043-4108-B3D7-3E7F5BB7C3FE}.Debug|Any CPU.Build.0 = Debug|Any CPU
		{2F0686D0-F043-4108-B3D7-3E7F5BB7C3FE}.Release|Any CPU.ActiveCfg = Release|Any CPU
		{2F0686D0-F043-4108-B3D7-3E7F5BB7C3FE}.Release|Any CPU.Build.0 = Release|Any CPU
	EndGlobalSection
	GlobalSection(SolutionProperties) = preSolution
		HideSolutionNode = FALSE
	EndGlobalSection
	GlobalSection(ExtensibilityGlobals) = postSolution
		SolutionGuid = {4E759FF5-6645-43EF-9F26-1914C7915A51}
	EndGlobalSection
EndGlobal
